
Microsoft Visual Studio Solution File, Format Version 12.00
# Visual Studio 15
VisualStudioVersion = 15.0.27703.2047
MinimumVisualStudioVersion = 10.0.40219.1
Project("{FAE04EC0-301F-11D3-BF4B-00C04F79EFBC}") = "TemplatePattern", "TemplatePattern\TemplatePattern.csproj", "{18D00C32-AA31-4C6E-8CF7-D1CCEE8DE900}"
EndProject
Global
	GlobalSection(SolutionConfigurationPlatforms) = preSolution
		Debug|Any CPU = Debug|Any CPU
		Release|Any CPU = Release|Any CPU
	EndGlobalSection
	GlobalSection(ProjectConfigurationPlatforms) = postSolution
		{18D00C32-AA31-4C6E-8CF7-D1CCEE8DE900}.Debug|Any CPU.ActiveCfg = Debug|Any CPU
		{18D00C32-AA31-4C6E-8CF7-D1CCEE8DE900}.Debug|Any CPU.Build.0 = Debug|Any CPU
		{18D00C32-AA31-4C6E-8CF7-D1CCEE8DE900}.Release|Any CPU.ActiveCfg = Release|Any CPU
		{18D00C32-AA31-4C6E-8CF7-D1CCEE8DE900}.Release|Any CPU.Build.0 = Release|Any CPU
	EndGlobalSection
	GlobalSection(SolutionProperties) = preSolution
		HideSolutionNode = FALSE
	EndGlobalSection
	GlobalSection(ExtensibilityGlobals) = postSolution
		SolutionGuid = {E1E2660E-9C2E-405B-B03E-7C90B380BF79}
	EndGlobalSection
EndGlobal
